
Microsoft Visual Studio Solution File, Format Version 12.00
# Visual Studio 15
VisualStudioVersion = 15.0.28307.1145
MinimumVisualStudioVersion = 10.0.40219.1
Project("{FAE04EC0-301F-11D3-BF4B-00C04F79EFBC}") = "HuaweiCrackFastboot", "HuaweiCrackFastboot\HuaweiCrackFastboot.csproj", "{7B1B5E74-3B63-42E8-95D7-52E73C62CE6F}"
EndProject
Global
	GlobalSection(SolutionConfigurationPlatforms) = preSolution
		Debug|Any CPU = Debug|Any CPU
		Release|Any CPU = Release|Any CPU
	EndGlobalSection
	GlobalSection(ProjectConfigurationPlatforms) = postSolution
		{7B1B5E74-3B63-42E8-95D7-52E73C62CE6F}.Debug|Any CPU.ActiveCfg = Debug|Any CPU
		{7B1B5E74-3B63-42E8-95D7-52E73C62CE6F}.Debug|Any CPU.Build.0 = Debug|Any CPU
		{7B1B5E74-3B63-42E8-95D7-52E73C62CE6F}.Release|Any CPU.ActiveCfg = Release|Any CPU
		{7B1B5E74-3B63-42E8-95D7-52E73C62CE6F}.Release|Any CPU.Build.0 = Release|Any CPU
	EndGlobalSection
	GlobalSection(SolutionProperties) = preSolution
		HideSolutionNode = FALSE
	EndGlobalSection
	GlobalSection(ExtensibilityGlobals) = postSolution
		SolutionGuid = {8F095C02-B468-46EC-8C8F-4328E78EE606}
	EndGlobalSection
EndGlobal
